<?xml version="1.0" encoding="utf-8"?>
<Project ToolsVersion="4.0" xmlns="http://schemas.microsoft.com/developer/msbuild/2003">
  <ItemGroup>
    <Filter Include="Resource Files">
      <UniqueIdentifier>{67DA6AB6-F800-4c08-8B7A-83BB121AAD01}</UniqueIdentifier>
      <Extensions>rc;ico;cur;bmp;dlg;rc2;rct;bin;rgs;gif;jpg;jpeg;jpe;resx;tiff;tif;png;wav;mfcribbon-ms</Extensions>
    </Filter>
    <Filter Include="HID">
      <UniqueIdentifier>{9a33b4d5-d731-48b2-b702-6f48bb031f75}</UniqueIdentifier>
    </Filter>
    <Filter Include="HID++">
      <UniqueIdentifier>{f39bba29-1e91-4bff-a514-3adf523ffdf9}</UniqueIdentifier>
    </Filter>
    <Filter Include="Utilities">
      <UniqueIdentifier>{01dfbad8-b359-411f-b561-18d98228a763}</UniqueIdentifier>
    </Filter>
  </ItemGroup>
  <ItemGroup>
    <ClInclude Include="..\src\hidpp-clr\Resource.h" />
    <ClInclude Include="..\src\hidpp-clr\HID\Device.h">
      <Filter>HID</Filter>
    </ClInclude>
    <ClInclude Include="..\src\hidpp-clr\HIDPP\hidppDevice.h">
      <Filter>HID++</Filter>
    </ClInclude>
    <ClInclude Include="..\src\hidpp-clr\HIDPP\hidppEnumerator.h">
      <Filter>HID++</Filter>
    </ClInclude>
    <ClInclude Include="..\src\hidpp-clr\Utilities\ManagedObject.h">
      <Filter>Utilities</Filter>
    </ClInclude>
    <ClInclude Include="..\src\hidpp-clr\Enumerator.h">
      <Filter>HID</Filter>
    </ClInclude>
  </ItemGroup>
  <ItemGroup>
    <ClCompile Include="..\src\hidpp-clr\AssemblyInfo.cpp" />
    <ClCompile Include="..\src\hidpp-clr\HID\Device.cpp">
      <Filter>HID</Filter>
    </ClCompile>
    <ClCompile Include="..\src\hidpp-clr\HIDPP\hidppEnumerator.cpp">
      <Filter>HID++</Filter>
    </ClCompile>
    <ClCompile Include="..\src\hidpp-clr\HIDPP\hidppDevice.cpp">
      <Filter>HID++</Filter>
    </ClCompile>
    <ClCompile Include="..\src\hidpp-clr\Enumerator.cpp">
      <Filter>HID</Filter>
    </ClCompile>
  </ItemGroup>
  <ItemGroup>
    <ResourceCompile Include="..\src\hidpp-clr\app.rc">
      <Filter>Resource Files</Filter>
    </ResourceCompile>
  </ItemGroup>
  <ItemGroup>
    <Image Include="..\src\hidpp-clr\app.ico">
      <Filter>Resource Files</Filter>
    </Image>
  </ItemGroup>
</Project>